// !$*UTF8*$!
{
	archiveVersion = 1;
	classes = {
	};
	objectVersion = 46;
	objects = {

/* Begin PBXBuildFile section */
		FDF3A37B1B11BA1A005547F0 /* AppDelegate.swift in Sources */ = {isa = PBXBuildFile; fileRef = FDF3A37A1B11BA1A005547F0 /* AppDelegate.swift */; };
		FDF3A37D1B11BA1A005547F0 /* ViewController.swift in Sources */ = {isa = PBXBuildFile; fileRef = FDF3A37C1B11BA1A005547F0 /* ViewController.swift */; };
		FDF3A3801B11BA1A005547F0 /* Main.storyboard in Resources */ = {isa = PBXBuildFile; fileRef = FDF3A37E1B11BA1A005547F0 /* Main.storyboard */; };
		FDF3A3821B11BA1A005547F0 /* Images.xcassets in Resources */ = {isa = PBXBuildFile; fileRef = FDF3A3811B11BA1A005547F0 /* Images.xcassets */; };
		FDF3A3851B11BA1A005547F0 /* LaunchScreen.xib in Resources */ = {isa = PBXBuildFile; fileRef = FDF3A3831B11BA1A005547F0 /* LaunchScreen.xib */; };
		FDF3A3911B11BA1A005547F0 /* yes_xib_no_storyboard_swiftTests.swift in Sources */ = {isa = PBXBuildFile; fileRef = FDF3A3901B11BA1A005547F0 /* yes_xib_no_storyboard_swiftTests.swift */; };
/* End PBXBuildFile section */

/* Begin PBXContainerItemProxy section */
		FDF3A38B1B11BA1A005547F0 /* PBXContainerItemProxy */ = {
			isa = PBXContainerItemProxy;
			containerPortal = FDF3A36D1B11BA1A005547F0 /* Project object */;
			proxyType = 1;
			remoteGlobalIDString = FDF3A3741B11BA1A005547F0;
			remoteInfo = yes_xib_no_storyboard_swift;
		};
/* End PBXContainerItemProxy section */

/* Begin PBXFileReference section */
		FDF3A3751B11BA1A005547F0 /* yes_xib_no_storyboard_swift.app */ = {isa = PBXFileReference; explicitFileType = wrapper.application; includeInIndex = 0; path = yes_xib_no_storyboard_swift.app; sourceTree = BUILT_PRODUCTS_DIR; };
		FDF3A3791B11BA1A005547F0 /* Info.plist */ = {isa = PBXFileReference; lastKnownFileType = text.plist.xml; path = Info.plist; sourceTree = "<group>"; };
		FDF3A37A1B11BA1A005547F0 /* AppDelegate.swift */ = {isa = PBXFileReference; lastKnownFileType = sourcecode.swift; path = AppDelegate.swift; sourceTree = "<group>"; };
		FDF3A37C1B11BA1A005547F0 /* ViewController.swift */ = {isa = PBXFileReference; lastKnownFileType = sourcecode.swift; path = ViewController.swift; sourceTree = "<group>"; };
		FDF3A37F1B11BA1A005547F0 /* Base */ = {isa = PBXFileReference; lastKnownFileType = file.storyboard; name = Base; path = Base.lproj/Main.storyboard; sourceTree = "<group>"; };
		FDF3A3811B11BA1A005547F0 /* Images.xcassets */ = {isa = PBXFileReference; lastKnownFileType = folder.assetcatalog; path = Images.xcassets; sourceTree = "<group>"; };
		FDF3A3841B11BA1A005547F0 /* Base */ = {isa = PBXFileReference; lastKnownFileType = file.xib; name = Base; path = Base.lproj/LaunchScreen.xib; sourceTree = "<group>"; };
		FDF3A38A1B11BA1A005547F0 /* yes_xib_no_storyboard_swiftTests.xctest */ = {isa = PBXFileReference; explicitFileType = wrapper.cfbundle; includeInIndex = 0; path = yes_xib_no_storyboard_swiftTests.xctest; sourceTree = BUILT_PRODUCTS_DIR; };
		FDF3A38F1B11BA1A005547F0 /* Info.plist */ = {isa = PBXFileReference; lastKnownFileType = text.plist.xml; path = Info.plist; sourceTree = "<group>"; };
		FDF3A3901B11BA1A005547F0 /* yes_xib_no_storyboard_swiftTests.swift */ = {isa = PBXFileReference; lastKnownFileType = sourcecode.swift; path = yes_xib_no_storyboard_swiftTests.swift; sourceTree = "<group>"; };
/* End PBXFileReference section */

/* Begin PBXFrameworksBuildPhase section */
		FDF3A3721B11BA1A005547F0 /* Frameworks */ = {
			isa = PBXFrameworksBuildPhase;
			buildActionMask = 2147483647;
			files = (
			);
			runOnlyForDeploymentPostprocessing = 0;
		};
		FDF3A3871B11BA1A005547F0 /* Frameworks */ = {
			isa = PBXFrameworksBuildPhase;
			buildActionMask = 2147483647;
			files = (
			);
			runOnlyForDeploymentPostprocessing = 0;
		};
/* End PBXFrameworksBuildPhase section */

/* Begin PBXGroup section */
		FDF3A36C1B11BA1A005547F0 = {
			isa = PBXGroup;
			children = (
				FDF3A3771B11BA1A005547F0 /* yes_xib_no_storyboard_swift */,
				FDF3A38D1B11BA1A005547F0 /* yes_xib_no_storyboard_swiftTests */,
				FDF3A3761B11BA1A005547F0 /* Products */,
			);
			sourceTree = "<group>";
		};
		FDF3A3761B11BA1A005547F0 /* Products */ = {
			isa = PBXGroup;
			children = (
				FDF3A3751B11BA1A005547F0 /* yes_xib_no_storyboard_swift.app */,
				FDF3A38A1B11BA1A005547F0 /* yes_xib_no_storyboard_swiftTests.xctest */,
			);
			name = Products;
			sourceTree = "<group>";
		};
		FDF3A3771B11BA1A005547F0 /* yes_xib_no_storyboard_swift */ = {
			isa = PBXGroup;
			children = (
				FDF3A37A1B11BA1A005547F0 /* AppDelegate.swift */,
				FDF3A37C1B11BA1A005547F0 /* ViewController.swift */,
				FDF3A37E1B11BA1A005547F0 /* Main.storyboard */,
				FDF3A3811B11BA1A005547F0 /* Images.xcassets */,
				FDF3A3831B11BA1A005547F0 /* LaunchScreen.xib */,
				FDF3A3781B11BA1A005547F0 /* Supporting Files */,
			);
			path = yes_xib_no_storyboard_swift;
			sourceTree = "<group>";
		};
		FDF3A3781B11BA1A005547F0 /* Supporting Files */ = {
			isa = PBXGroup;
			children = (
				FDF3A3791B11BA1A005547F0 /* Info.plist */,
			);
			name = "Supporting Files";
			sourceTree = "<group>";
		};
		FDF3A38D1B11BA1A005547F0 /* yes_xib_no_storyboard_swiftTests */ = {
			isa = PBXGroup;
			children = (
				FDF3A3901B11BA1A005547F0 /* yes_xib_no_storyboard_swiftTests.swift */,
				FDF3A38E1B11BA1A005547F0 /* Supporting Files */,
			);
			path = yes_xib_no_storyboard_swiftTests;
			sourceTree = "<group>";
		};
		FDF3A38E1B11BA1A005547F0 /* Supporting Files */ = {
			isa = PBXGroup;
			children = (
				FDF3A38F1B11BA1A005547F0 /* Info.plist */,
			);
			name = "Supporting Files";
			sourceTree = "<group>";
		};
/* End PBXGroup section */

/* Begin PBXNativeTarget section */
		FDF3A3741B11BA1A005547F0 /* yes_xib_no_storyboard_swift */ = {
			isa = PBXNativeTarget;
			buildConfigurationList = FDF3A3941B11BA1A005547F0 /* Build configuration list for PBXNativeTarget "yes_xib_no_storyboard_swift" */;
			buildPhases = (
				FDF3A3711B11BA1A005547F0 /* Sources */,
				FDF3A3721B11BA1A005547F0 /* Frameworks */,
				FDF3A3731B11BA1A005547F0 /* Resources */,
			);
			buildRules = (
			);
			dependencies = (
			);
			name = yes_xib_no_storyboard_swift;
			productName = yes_xib_no_storyboard_swift;
			productReference = FDF3A3751B11BA1A005547F0 /* yes_xib_no_storyboard_swift.app */;
			productType = "com.apple.product-type.application";
		};
		FDF3A3891B11BA1A005547F0 /* yes_xib_no_storyboard_swiftTests */ = {
			isa = PBXNativeTarget;
			buildConfigurationList = FDF3A3971B11BA1A005547F0 /* Build configuration list for PBXNativeTarget "yes_xib_no_storyboard_swiftTests" */;
			buildPhases = (
				FDF3A3861B11BA1A005547F0 /* Sources */,
				FDF3A3871B11BA1A005547F0 /* Frameworks */,
				FDF3A3881B11BA1A005547F0 /* Resources */,
			);
			buildRules = (
			);
			dependencies = (
				FDF3A38C1B11BA1A005547F0 /* PBXTargetDependency */,
			);
			name = yes_xib_no_storyboard_swiftTests;
			productName = yes_xib_no_storyboard_swiftTests;
			productReference = FDF3A38A1B11BA1A005547F0 /* yes_xib_no_storyboard_swiftTests.xctest */;
			productType = "com.apple.product-type.bundle.unit-test";
		};
/* End PBXNativeTarget section */

/* Begin PBXProject section */
		FDF3A36D1B11BA1A005547F0 /* Project object */ = {
			isa = PBXProject;
			attributes = {
				LastUpgradeCheck = 0640;
				ORGANIZATIONNAME = "麻生 拓弥";
				TargetAttributes = {
					FDF3A3741B11BA1A005547F0 = {
						CreatedOnToolsVersion = 6.4;
					};
					FDF3A3891B11BA1A005547F0 = {
						CreatedOnToolsVersion = 6.4;
						TestTargetID = FDF3A3741B11BA1A005547F0;
					};
				};
			};
			buildConfigurationList = FDF3A3701B11BA1A005547F0 /* Build configuration list for PBXProject "yes_xib_no_storyboard_swift" */;
			compatibilityVersion = "Xcode 3.2";
			developmentRegion = English;
			hasScannedForEncodings = 0;
			knownRegions = (
				en,
				Base,
			);
			mainGroup = FDF3A36C1B11BA1A005547F0;
			productRefGroup = FDF3A3761B11BA1A005547F0 /* Products */;
			projectDirPath = "";
			projectRoot = "";
			targets = (
				FDF3A3741B11BA1A005547F0 /* yes_xib_no_storyboard_swift */,
				FDF3A3891B11BA1A005547F0 /* yes_xib_no_storyboard_swiftTests */,
			);
		};
/* End PBXProject section */

/* Begin PBXResourcesBuildPhase section */
		FDF3A3731B11BA1A005547F0 /* Resources */ = {
			isa = PBXResourcesBuildPhase;
			buildActionMask = 2147483647;
			files = (
				FDF3A3801B11BA1A005547F0 /* Main.storyboard in Resources */,
				FDF3A3851B11BA1A005547F0 /* LaunchScreen.xib in Resources */,
				FDF3A3821B11BA1A005547F0 /* Images.xcassets in Resources */,
			);
			runOnlyForDeploymentPostprocessing = 0;
		};
		FDF3A3881B11BA1A005547F0 /* Resources */ = {
			isa = PBXResourcesBuildPhase;
			buildActionMask = 2147483647;
			files = (
			);
			runOnlyForDeploymentPostprocessing = 0;
		};
/* End PBXResourcesBuildPhase section */

/* Begin PBXSourcesBuildPhase section */
		FDF3A3711B11BA1A005547F0 /* Sources */ = {
			isa = PBXSourcesBuildPhase;
			buildActionMask = 2147483647;
			files = (
				FDF3A37D1B11BA1A005547F0 /* ViewController.swift in Sources */,
				FDF3A37B1B11BA1A005547F0 /* AppDelegate.swift in Sources */,
			);
			runOnlyForDeploymentPostprocessing = 0;
		};
		FDF3A3861B11BA1A005547F0 /* Sources */ = {
			isa = PBXSourcesBuildPhase;
			buildActionMask = 2147483647;
			files = (
				FDF3A3911B11BA1A005547F0 /* yes_xib_no_storyboard_swiftTests.swift in Sources */,
			);
			runOnlyForDeploymentPostprocessing = 0;
		};
/* End PBXSourcesBuildPhase section */

/* Begin PBXTargetDependency section */
		FDF3A38C1B11BA1A005547F0 /* PBXTargetDependency */ = {
			isa = PBXTargetDependency;
			target = FDF3A3741B11BA1A005547F0 /* yes_xib_no_storyboard_swift */;
			targetProxy = FDF3A38B1B11BA1A005547F0 /* PBXContainerItemProxy */;
		};
/* End PBXTargetDependency section */

/* Begin PBXVariantGroup section */
		FDF3A37E1B11BA1A005547F0 /* Main.storyboard */ = {
			isa = PBXVariantGroup;
			children = (
				FDF3A37F1B11BA1A005547F0 /* Base */,
			);
			name = Main.storyboard;
			sourceTree = "<group>";
		};
		FDF3A3831B11BA1A005547F0 /* LaunchScreen.xib */ = {
			isa = PBXVariantGroup;
			children = (
				FDF3A3841B11BA1A005547F0 /* Base */,
			);
			name = LaunchScreen.xib;
			sourceTree = "<group>";
		};
/* End PBXVariantGroup section */

/* Begin XCBuildConfiguration section */
		FDF3A3921B11BA1A005547F0 /* Debug */ = {
			isa = XCBuildConfiguration;
			buildSettings = {
				ALWAYS_SEARCH_USER_PATHS = NO;
				CLANG_CXX_LANGUAGE_STANDARD = "gnu++0x";
				CLANG_CXX_LIBRARY = "libc++";
				CLANG_ENABLE_MODULES = YES;
				CLANG_ENABLE_OBJC_ARC = YES;
				CLANG_WARN_BOOL_CONVERSION = YES;
				CLANG_WARN_CONSTANT_CONVERSION = YES;
				CLANG_WARN_DIRECT_OBJC_ISA_USAGE = YES_ERROR;
				CLANG_WARN_EMPTY_BODY = YES;
				CLANG_WARN_ENUM_CONVERSION = YES;
				CLANG_WARN_INT_CONVERSION = YES;
				CLANG_WARN_OBJC_ROOT_CLASS = YES_ERROR;
				CLANG_WARN_UNREACHABLE_CODE = YES;
				CLANG_WARN__DUPLICATE_METHOD_MATCH = YES;
				"CODE_SIGN_IDENTITY[sdk=iphoneos*]" = "iPhone Developer";
				COPY_PHASE_STRIP = NO;
				DEBUG_INFORMATION_FORMAT = "dwarf-with-dsym";
				ENABLE_STRICT_OBJC_MSGSEND = YES;
				GCC_C_LANGUAGE_STANDARD = gnu99;
				GCC_DYNAMIC_NO_PIC = NO;
				GCC_NO_COMMON_BLOCKS = YES;
				GCC_OPTIMIZATION_LEVEL = 0;
				GCC_PREPROCESSOR_DEFINITIONS = (
					"DEBUG=1",
					"$(inherited)",
				);
				GCC_SYMBOLS_PRIVATE_EXTERN = NO;
				GCC_WARN_64_TO_32_BIT_CONVERSION = YES;
				GCC_WARN_ABOUT_RETURN_TYPE = YES_ERROR;
				GCC_WARN_UNDECLARED_SELECTOR = YES;
				GCC_WARN_UNINITIALIZED_AUTOS = YES_AGGRESSIVE;
				GCC_WARN_UNUSED_FUNCTION = YES;
				GCC_WARN_UNUSED_VARIABLE = YES;
				IPHONEOS_DEPLOYMENT_TARGET = 8.4;
				MTL_ENABLE_DEBUG_INFO = YES;
				ONLY_ACTIVE_ARCH = YES;
				SDKROOT = iphoneos;
				SWIFT_OPTIMIZATION_LEVEL = "-Onone";
				TARGETED_DEVICE_FAMILY = "1,2";
			};
			name = Debug;
		};
		FDF3A3931B11BA1A005547F0 /* Release */ = {
			isa = XCBuildConfiguration;
			buildSettings = {
				ALWAYS_SEARCH_USER_PATHS = NO;
				CLANG_CXX_LANGUAGE_STANDARD = "gnu++0x";
				CLANG_CXX_LIBRARY = "libc++";
				CLANG_ENABLE_MODULES = YES;
				CLANG_ENABLE_OBJC_ARC = YES;
				CLANG_WARN_BOOL_CONVERSION = YES;
				CLANG_WARN_CONSTANT_CONVERSION = YES;
				CLANG_WARN_DIRECT_OBJC_ISA_USAGE = YES_ERROR;
				CLANG_WARN_EMPTY_BODY = YES;
				CLANG_WARN_ENUM_CONVERSION = YES;
				CLANG_WARN_INT_CONVERSION = YES;
				CLANG_WARN_OBJC_ROOT_CLASS = YES_ERROR;
				CLANG_WARN_UNREACHABLE_CODE = YES;
				CLANG_WARN__DUPLICATE_METHOD_MATCH = YES;
				"CODE_SIGN_IDENTITY[sdk=iphoneos*]" = "iPhone Developer";
				COPY_PHASE_STRIP = NO;
				DEBUG_INFORMATION_FORMAT = "dwarf-with-dsym";
				ENABLE_NS_ASSERTIONS = NO;
				ENABLE_STRICT_OBJC_MSGSEND = YES;
				GCC_C_LANGUAGE_STANDARD = gnu99;
				GCC_NO_COMMON_BLOCKS = YES;
				GCC_WARN_64_TO_32_BIT_CONVERSION = YES;
				GCC_WARN_ABOUT_RETURN_TYPE = YES_ERROR;
				GCC_WARN_UNDECLARED_SELECTOR = YES;
				GCC_WARN_UNINITIALIZED_AUTOS = YES_AGGRESSIVE;
				GCC_WARN_UNUSED_FUNCTION = YES;
				GCC_WARN_UNUSED_VARIABLE = YES;
				IPHONEOS_DEPLOYMENT_TARGET = 8.4;
				MTL_ENABLE_DEBUG_INFO = NO;
				SDKROOT = iphoneos;
				TARGETED_DEVICE_FAMILY = "1,2";
				VALIDATE_PRODUCT = YES;
			};
			name = Release;
		};
		FDF3A3951B11BA1A005547F0 /* Debug */ = {
			isa = XCBuildConfiguration;
			buildSettings = {
				ASSETCATALOG_COMPILER_APPICON_NAME = AppIcon;
				INFOPLIST_FILE = yes_xib_no_storyboard_swift/Info.plist;
				LD_RUNPATH_SEARCH_PATHS = "$(inherited) @executable_path/Frameworks";
				PRODUCT_NAME = "$(TARGET_NAME)";
			};
			name = Debug;
		};
		FDF3A3961B11BA1A005547F0 /* Release */ = {
			isa = XCBuildConfiguration;
			buildSettings = {
				ASSETCATALOG_COMPILER_APPICON_NAME = AppIcon;
				INFOPLIST_FILE = yes_xib_no_storyboard_swift/Info.plist;
				LD_RUNPATH_SEARCH_PATHS = "$(inherited) @executable_path/Frameworks";
				PRODUCT_NAME = "$(TARGET_NAME)";
			};
			name = Release;
		};
		FDF3A3981B11BA1A005547F0 /* Debug */ = {
			isa = XCBuildConfiguration;
			buildSettings = {
				BUNDLE_LOADER = "$(TEST_HOST)";
				FRAMEWORK_SEARCH_PATHS = (
					"$(SDKROOT)/Developer/Library/Frameworks",
					"$(inherited)",
				);
				GCC_PREPROCESSOR_DEFINITIONS = (
					"DEBUG=1",
					"$(inherited)",
				);
				INFOPLIST_FILE = yes_xib_no_storyboard_swiftTests/Info.plist;
				LD_RUNPATH_SEARCH_PATHS = "$(inherited) @executable_path/Frameworks @loader_path/Frameworks";
				PRODUCT_NAME = "$(TARGET_NAME)";
				TEST_HOST = "$(BUILT_PRODUCTS_DIR)/yes_xib_no_storyboard_swift.app/yes_xib_no_storyboard_swift";
			};
			name = Debug;
		};
		FDF3A3991B11BA1A005547F0 /* Release */ = {
			isa = XCBuildConfiguration;
			buildSettings = {
				BUNDLE_LOADER = "$(TEST_HOST)";
				FRAMEWORK_SEARCH_PATHS = (
					"$(SDKROOT)/Developer/Library/Frameworks",
					"$(inherited)",
				);
				INFOPLIST_FILE = yes_xib_no_storyboard_swiftTests/Info.plist;
				LD_RUNPATH_SEARCH_PATHS = "$(inherited) @executable_path/Frameworks @loader_path/Frameworks";
				PRODUCT_NAME = "$(TARGET_NAME)";
				TEST_HOST = "$(BUILT_PRODUCTS_DIR)/yes_xib_no_storyboard_swift.app/yes_xib_no_storyboard_swift";
			};
			name = Release;
		};
/* End XCBuildConfiguration section */

/* Begin XCConfigurationList section */
		FDF3A3701B11BA1A005547F0 /* Build configuration list for PBXProject "yes_xib_no_storyboard_swift" */ = {
			isa = XCConfigurationList;
			buildConfigurations = (
				FDF3A3921B11BA1A005547F0 /* Debug */,
				FDF3A3931B11BA1A005547F0 /* Release */,
			);
			defaultConfigurationIsVisible = 0;
			defaultConfigurationName = Release;
		};
		FDF3A3941B11BA1A005547F0 /* Build configuration list for PBXNativeTarget "yes_xib_no_storyboard_swift" */ = {
			isa = XCConfigurationList;
			buildConfigurations = (
				FDF3A3951B11BA1A005547F0 /* Debug */,
				FDF3A3961B11BA1A005547F0 /* Release */,
			);
			defaultConfigurationIsVisible = 0;
		};
		FDF3A3971B11BA1A005547F0 /* Build configuration list for PBXNativeTarget "yes_xib_no_storyboard_swiftTests" */ = {
			isa = XCConfigurationList;
			buildConfigurations = (
				FDF3A3981B11BA1A005547F0 /* Debug */,
				FDF3A3991B11BA1A005547F0 /* Release */,
			);
			defaultConfigurationIsVisible = 0;
		};
/* End XCConfigurationList section */
	};
	rootObject = FDF3A36D1B11BA1A005547F0 /* Project object */;
}
